
Microsoft Visual Studio Solution File, Format Version 12.00
# Visual Studio Version 18
VisualStudioVersion = 18.3.11505.172 d18.3
MinimumVisualStudioVersion = 10.0.40219.1
Project("{FAE04EC0-301F-11D3-BF4B-00C04F79EFBC}") = "DataAccess.Postgres", "DataAccess.Postgres\DataAccess.Postgres.csproj", "{CF7D20A0-39C4-3D5E-6F8B-09319B632434}"
EndProject
Project("{FAE04EC0-301F-11D3-BF4B-00C04F79EFBC}") = "Logica", "Logica\Logica.csproj", "{31B9EA76-99FC-8024-2ABD-78879E8E2199}"
EndProject
Project("{FAE04EC0-301F-11D3-BF4B-00C04F79EFBC}") = "Admin", "Admin2\Admin.csproj", "{CBB1FBF5-A7C0-1DB2-D7BF-6003598224E9}"
EndProject
Global
	GlobalSection(SolutionConfigurationPlatforms) = preSolution
		Debug|Any CPU = Debug|Any CPU
		Release|Any CPU = Release|Any CPU
	EndGlobalSection
	GlobalSection(ProjectConfigurationPlatforms) = postSolution
		{CF7D20A0-39C4-3D5E-6F8B-09319B632434}.Debug|Any CPU.ActiveCfg = Debug|Any CPU
		{CF7D20A0-39C4-3D5E-6F8B-09319B632434}.Debug|Any CPU.Build.0 = Debug|Any CPU
		{CF7D20A0-39C4-3D5E-6F8B-09319B632434}.Release|Any CPU.ActiveCfg = Release|Any CPU
		{CF7D20A0-39C4-3D5E-6F8B-09319B632434}.Release|Any CPU.Build.0 = Release|Any CPU
		{31B9EA76-99FC-8024-2ABD-78879E8E2199}.Debug|Any CPU.ActiveCfg = Debug|Any CPU
		{31B9EA76-99FC-8024-2ABD-78879E8E2199}.Debug|Any CPU.Build.0 = Debug|Any CPU
		{31B9EA76-99FC-8024-2ABD-78879E8E2199}.Release|Any CPU.ActiveCfg = Release|Any CPU
		{31B9EA76-99FC-8024-2ABD-78879E8E2199}.Release|Any CPU.Build.0 = Release|Any CPU
		{CBB1FBF5-A7C0-1DB2-D7BF-6003598224E9}.Debug|Any CPU.ActiveCfg = Debug|Any CPU
		{CBB1FBF5-A7C0-1DB2-D7BF-6003598224E9}.Debug|Any CPU.Build.0 = Debug|Any CPU
		{CBB1FBF5-A7C0-1DB2-D7BF-6003598224E9}.Release|Any CPU.ActiveCfg = Release|Any CPU
		{CBB1FBF5-A7C0-1DB2-D7BF-6003598224E9}.Release|Any CPU.Build.0 = Release|Any CPU
	EndGlobalSection
	GlobalSection(SolutionProperties) = preSolution
		HideSolutionNode = FALSE
	EndGlobalSection
	GlobalSection(ExtensibilityGlobals) = postSolution
		SolutionGuid = {FF202082-71FF-4AAE-910B-2833B40AF332}
	EndGlobalSection
EndGlobal
