
Microsoft Visual Studio Solution File, Format Version 12.00
# Visual Studio Version 17
VisualStudioVersion = 17.14.36915.13
MinimumVisualStudioVersion = 10.0.40219.1
Project("{FAE04EC0-301F-11D3-BF4B-00C04F79EFBC}") = "DataAccess.Postgres", "..\..\DataAccess.Postgres\DataAccess.Postgres.csproj", "{CEAA592D-A618-43BC-85D0-79D6DA52C9C9}"
EndProject
Project("{FAE04EC0-301F-11D3-BF4B-00C04F79EFBC}") = "Logica", "..\..\Logica\Logica.csproj", "{637F79F9-6F71-7DB3-E369-714E7469F648}"
EndProject
Project("{FAE04EC0-301F-11D3-BF4B-00C04F79EFBC}") = "Admin", "Admin\Admin.csproj", "{A315F99C-037E-687F-5376-8EFA338F3D2E}"
EndProject
Project("{FAE04EC0-301F-11D3-BF4B-00C04F79EFBC}") = "User_Interfase_Library", "..\..\User_Interfase_Library\User_Interfase_Library.csproj", "{B2E6D37F-D7EB-430E-BEDA-0FFC1E9A95A5}"
EndProject
Global
	GlobalSection(SolutionConfigurationPlatforms) = preSolution
		Debug|Any CPU = Debug|Any CPU
		Release|Any CPU = Release|Any CPU
	EndGlobalSection
	GlobalSection(ProjectConfigurationPlatforms) = postSolution
		{CEAA592D-A618-43BC-85D0-79D6DA52C9C9}.Debug|Any CPU.ActiveCfg = Debug|Any CPU
		{CEAA592D-A618-43BC-85D0-79D6DA52C9C9}.Debug|Any CPU.Build.0 = Debug|Any CPU
		{CEAA592D-A618-43BC-85D0-79D6DA52C9C9}.Release|Any CPU.ActiveCfg = Release|Any CPU
		{CEAA592D-A618-43BC-85D0-79D6DA52C9C9}.Release|Any CPU.Build.0 = Release|Any CPU
		{637F79F9-6F71-7DB3-E369-714E7469F648}.Debug|Any CPU.ActiveCfg = Debug|Any CPU
		{637F79F9-6F71-7DB3-E369-714E7469F648}.Debug|Any CPU.Build.0 = Debug|Any CPU
		{637F79F9-6F71-7DB3-E369-714E7469F648}.Release|Any CPU.ActiveCfg = Release|Any CPU
		{637F79F9-6F71-7DB3-E369-714E7469F648}.Release|Any CPU.Build.0 = Release|Any CPU
		{A315F99C-037E-687F-5376-8EFA338F3D2E}.Debug|Any CPU.ActiveCfg = Debug|Any CPU
		{A315F99C-037E-687F-5376-8EFA338F3D2E}.Debug|Any CPU.Build.0 = Debug|Any CPU
		{A315F99C-037E-687F-5376-8EFA338F3D2E}.Release|Any CPU.ActiveCfg = Release|Any CPU
		{A315F99C-037E-687F-5376-8EFA338F3D2E}.Release|Any CPU.Build.0 = Release|Any CPU
		{B2E6D37F-D7EB-430E-BEDA-0FFC1E9A95A5}.Debug|Any CPU.ActiveCfg = Debug|Any CPU
		{B2E6D37F-D7EB-430E-BEDA-0FFC1E9A95A5}.Debug|Any CPU.Build.0 = Debug|Any CPU
		{B2E6D37F-D7EB-430E-BEDA-0FFC1E9A95A5}.Release|Any CPU.ActiveCfg = Release|Any CPU
		{B2E6D37F-D7EB-430E-BEDA-0FFC1E9A95A5}.Release|Any CPU.Build.0 = Release|Any CPU
	EndGlobalSection
	GlobalSection(SolutionProperties) = preSolution
		HideSolutionNode = FALSE
	EndGlobalSection
	GlobalSection(ExtensibilityGlobals) = postSolution
		SolutionGuid = {AC755A3D-1244-4A12-89B8-8FF37AB2E587}
	EndGlobalSection
EndGlobal
